
Microsoft Visual Studio Solution File, Format Version 12.00
# Visual Studio 15
VisualStudioVersion = 15.0.28307.168
MinimumVisualStudioVersion = 10.0.40219.1
Project("{FAE04EC0-301F-11D3-BF4B-00C04F79EFBC}") = "WpfApp2", "WpfApp2\WpfApp2.csproj", "{FAAD1C72-87A5-4A6C-8B07-284344B20701}"
EndProject
Project("{FAE04EC0-301F-11D3-BF4B-00C04F79EFBC}") = "AsfFace", "ArcFace\AsfFace.csproj", "{637D3A86-8B5B-48D6-9E67-A454DCEE7F90}"
EndProject
Global
	GlobalSection(SolutionConfigurationPlatforms) = preSolution
		Debug|Any CPU = Debug|Any CPU
		Debug|x64 = Debug|x64
		Debug|x86 = Debug|x86
		Release|Any CPU = Release|Any CPU
		Release|x64 = Release|x64
		Release|x86 = Release|x86
	EndGlobalSection
	GlobalSection(ProjectConfigurationPlatforms) = postSolution
		{FAAD1C72-87A5-4A6C-8B07-284344B20701}.Debug|Any CPU.ActiveCfg = Debug|Any CPU
		{FAAD1C72-87A5-4A6C-8B07-284344B20701}.Debug|Any CPU.Build.0 = Debug|Any CPU
		{FAAD1C72-87A5-4A6C-8B07-284344B20701}.Debug|x64.ActiveCfg = Debug|x64
		{FAAD1C72-87A5-4A6C-8B07-284344B20701}.Debug|x64.Build.0 = Debug|x64
		{FAAD1C72-87A5-4A6C-8B07-284344B20701}.Debug|x86.ActiveCfg = Debug|x86
		{FAAD1C72-87A5-4A6C-8B07-284344B20701}.Debug|x86.Build.0 = Debug|x86
		{FAAD1C72-87A5-4A6C-8B07-284344B20701}.Release|Any CPU.ActiveCfg = Release|Any CPU
		{FAAD1C72-87A5-4A6C-8B07-284344B20701}.Release|Any CPU.Build.0 = Release|Any CPU
		{FAAD1C72-87A5-4A6C-8B07-284344B20701}.Release|x64.ActiveCfg = Release|x64
		{FAAD1C72-87A5-4A6C-8B07-284344B20701}.Release|x64.Build.0 = Release|x64
		{FAAD1C72-87A5-4A6C-8B07-284344B20701}.Release|x86.ActiveCfg = Release|x86
		{FAAD1C72-87A5-4A6C-8B07-284344B20701}.Release|x86.Build.0 = Release|x86
		{637D3A86-8B5B-48D6-9E67-A454DCEE7F90}.Debug|Any CPU.ActiveCfg = Debug|Any CPU
		{637D3A86-8B5B-48D6-9E67-A454DCEE7F90}.Debug|Any CPU.Build.0 = Debug|Any CPU
		{637D3A86-8B5B-48D6-9E67-A454DCEE7F90}.Debug|x64.ActiveCfg = Debug|Any CPU
		{637D3A86-8B5B-48D6-9E67-A454DCEE7F90}.Debug|x64.Build.0 = Debug|Any CPU
		{637D3A86-8B5B-48D6-9E67-A454DCEE7F90}.Debug|x86.ActiveCfg = Debug|x86
		{637D3A86-8B5B-48D6-9E67-A454DCEE7F90}.Debug|x86.Build.0 = Debug|x86
		{637D3A86-8B5B-48D6-9E67-A454DCEE7F90}.Release|Any CPU.ActiveCfg = Release|Any CPU
		{637D3A86-8B5B-48D6-9E67-A454DCEE7F90}.Release|Any CPU.Build.0 = Release|Any CPU
		{637D3A86-8B5B-48D6-9E67-A454DCEE7F90}.Release|x64.ActiveCfg = Release|Any CPU
		{637D3A86-8B5B-48D6-9E67-A454DCEE7F90}.Release|x64.Build.0 = Release|Any CPU
		{637D3A86-8B5B-48D6-9E67-A454DCEE7F90}.Release|x86.ActiveCfg = Release|x86
		{637D3A86-8B5B-48D6-9E67-A454DCEE7F90}.Release|x86.Build.0 = Release|x86
	EndGlobalSection
	GlobalSection(SolutionProperties) = preSolution
		HideSolutionNode = FALSE
	EndGlobalSection
	GlobalSection(ExtensibilityGlobals) = postSolution
		SolutionGuid = {F4DD8E06-FF8D-43A0-99A4-AC72A87DF2AB}
	EndGlobalSection
EndGlobal
